
Microsoft Visual Studio Solution File, Format Version 12.00
# Visual Studio Version 17
VisualStudioVersion = 17.0.31612.314
MinimumVisualStudioVersion = 10.0.40219.1
Project("{FAE04EC0-301F-11D3-BF4B-00C04F79EFBC}") = "SpeechNotepad", "SpeechNotepad.csproj", "{1B0D00E9-93E0-44FC-BBDB-2A073A407109}"
EndProject
Global
	GlobalSection(SolutionConfigurationPlatforms) = preSolution
		Debug|Any CPU = Debug|Any CPU
		Release|Any CPU = Release|Any CPU
	EndGlobalSection
	GlobalSection(ProjectConfigurationPlatforms) = postSolution
		{1B0D00E9-93E0-44FC-BBDB-2A073A407109}.Debug|Any CPU.ActiveCfg = Debug|Any CPU
		{1B0D00E9-93E0-44FC-BBDB-2A073A407109}.Debug|Any CPU.Build.0 = Debug|Any CPU
		{1B0D00E9-93E0-44FC-BBDB-2A073A407109}.Release|Any CPU.ActiveCfg = Release|Any CPU
		{1B0D00E9-93E0-44FC-BBDB-2A073A407109}.Release|Any CPU.Build.0 = Release|Any CPU
	EndGlobalSection
	GlobalSection(SolutionProperties) = preSolution
		HideSolutionNode = FALSE
	EndGlobalSection
	GlobalSection(ExtensibilityGlobals) = postSolution
		SolutionGuid = {9BC6A3A4-D4CF-4636-92C2-62AF03422EEF}
	EndGlobalSection
EndGlobal
